
Microsoft Visual Studio Solution File, Format Version 12.00
# Visual Studio 15
VisualStudioVersion = 15.0.28307.1300
MinimumVisualStudioVersion = 10.0.40219.1
Project("{FAE04EC0-301F-11D3-BF4B-00C04F79EFBC}") = "Variable", "Variable\Variable.csproj", "{B2F80A0F-54C5-401E-B408-0C0A6062EAF0}"
EndProject
Global
	GlobalSection(SolutionConfigurationPlatforms) = preSolution
		Debug|Any CPU = Debug|Any CPU
		Release|Any CPU = Release|Any CPU
	EndGlobalSection
	GlobalSection(ProjectConfigurationPlatforms) = postSolution
		{B2F80A0F-54C5-401E-B408-0C0A6062EAF0}.Debug|Any CPU.ActiveCfg = Debug|Any CPU
		{B2F80A0F-54C5-401E-B408-0C0A6062EAF0}.Debug|Any CPU.Build.0 = Debug|Any CPU
		{B2F80A0F-54C5-401E-B408-0C0A6062EAF0}.Release|Any CPU.ActiveCfg = Release|Any CPU
		{B2F80A0F-54C5-401E-B408-0C0A6062EAF0}.Release|Any CPU.Build.0 = Release|Any CPU
	EndGlobalSection
	GlobalSection(SolutionProperties) = preSolution
		HideSolutionNode = FALSE
	EndGlobalSection
	GlobalSection(ExtensibilityGlobals) = postSolution
		SolutionGuid = {F1146E5F-5748-4FC8-8824-43EBBA1551E5}
	EndGlobalSection
EndGlobal
