
Microsoft Visual Studio Solution File, Format Version 12.00
# Visual Studio Version 17
VisualStudioVersion = 17.14.36221.1 d17.14
MinimumVisualStudioVersion = 10.0.40219.1
Project("{FAE04EC0-301F-11D3-BF4B-00C04F79EFBC}") = "PictureViewer", "PictureViewer\PictureViewer.csproj", "{93D18AD4-A043-4098-AB2B-874DE5A2260F}"
EndProject
Global
	GlobalSection(SolutionConfigurationPlatforms) = preSolution
		Debug|Any CPU = Debug|Any CPU
		Release|Any CPU = Release|Any CPU
	EndGlobalSection
	GlobalSection(ProjectConfigurationPlatforms) = postSolution
		{93D18AD4-A043-4098-AB2B-874DE5A2260F}.Debug|Any CPU.ActiveCfg = Debug|Any CPU
		{93D18AD4-A043-4098-AB2B-874DE5A2260F}.Debug|Any CPU.Build.0 = Debug|Any CPU
		{93D18AD4-A043-4098-AB2B-874DE5A2260F}.Release|Any CPU.ActiveCfg = Release|Any CPU
		{93D18AD4-A043-4098-AB2B-874DE5A2260F}.Release|Any CPU.Build.0 = Release|Any CPU
	EndGlobalSection
	GlobalSection(SolutionProperties) = preSolution
		HideSolutionNode = FALSE
	EndGlobalSection
	GlobalSection(ExtensibilityGlobals) = postSolution
		SolutionGuid = {8B9106A1-307B-43E5-8030-48C5B9A76F11}
	EndGlobalSection
EndGlobal
