
Microsoft Visual Studio Solution File, Format Version 12.00
# Visual Studio 15
VisualStudioVersion = 15.0.28307.1300
MinimumVisualStudioVersion = 10.0.40219.1
Project("{FAE04EC0-301F-11D3-BF4B-00C04F79EFBC}") = "minitest", "minitest\minitest.csproj", "{D3C7EA1E-5541-4D00-854C-64F081BEDC72}"
EndProject
Global
	GlobalSection(SolutionConfigurationPlatforms) = preSolution
		Debug|Any CPU = Debug|Any CPU
		Release|Any CPU = Release|Any CPU
	EndGlobalSection
	GlobalSection(ProjectConfigurationPlatforms) = postSolution
		{D3C7EA1E-5541-4D00-854C-64F081BEDC72}.Debug|Any CPU.ActiveCfg = Debug|Any CPU
		{D3C7EA1E-5541-4D00-854C-64F081BEDC72}.Debug|Any CPU.Build.0 = Debug|Any CPU
		{D3C7EA1E-5541-4D00-854C-64F081BEDC72}.Release|Any CPU.ActiveCfg = Release|Any CPU
		{D3C7EA1E-5541-4D00-854C-64F081BEDC72}.Release|Any CPU.Build.0 = Release|Any CPU
	EndGlobalSection
	GlobalSection(SolutionProperties) = preSolution
		HideSolutionNode = FALSE
	EndGlobalSection
	GlobalSection(ExtensibilityGlobals) = postSolution
		SolutionGuid = {B691D502-9148-42A4-8FBB-117604A69006}
	EndGlobalSection
EndGlobal
