
Microsoft Visual Studio Solution File, Format Version 12.00
# Visual Studio 15
VisualStudioVersion = 15.0.28307.1300
MinimumVisualStudioVersion = 10.0.40219.1
Project("{FAE04EC0-301F-11D3-BF4B-00C04F79EFBC}") = "DoorLock_6Num", "DoorLock_6Num\DoorLock_6Num.csproj", "{7ED0BF29-4799-4FC1-ACDB-4F2DE12A103C}"
EndProject
Global
	GlobalSection(SolutionConfigurationPlatforms) = preSolution
		Debug|Any CPU = Debug|Any CPU
		Release|Any CPU = Release|Any CPU
	EndGlobalSection
	GlobalSection(ProjectConfigurationPlatforms) = postSolution
		{7ED0BF29-4799-4FC1-ACDB-4F2DE12A103C}.Debug|Any CPU.ActiveCfg = Debug|Any CPU
		{7ED0BF29-4799-4FC1-ACDB-4F2DE12A103C}.Debug|Any CPU.Build.0 = Debug|Any CPU
		{7ED0BF29-4799-4FC1-ACDB-4F2DE12A103C}.Release|Any CPU.ActiveCfg = Release|Any CPU
		{7ED0BF29-4799-4FC1-ACDB-4F2DE12A103C}.Release|Any CPU.Build.0 = Release|Any CPU
	EndGlobalSection
	GlobalSection(SolutionProperties) = preSolution
		HideSolutionNode = FALSE
	EndGlobalSection
	GlobalSection(ExtensibilityGlobals) = postSolution
		SolutionGuid = {372F1ACA-C6FC-4C69-91EA-9DF3F413A674}
	EndGlobalSection
EndGlobal
