
Microsoft Visual Studio Solution File, Format Version 12.00
# Visual Studio Version 17
VisualStudioVersion = 17.14.36221.1 d17.14
MinimumVisualStudioVersion = 10.0.40219.1
Project("{FAE04EC0-301F-11D3-BF4B-00C04F79EFBC}") = "Calculator", "Calculator\Calculator.csproj", "{60B4F47F-5ADA-4E07-978F-BD14BA903C62}"
EndProject
Global
	GlobalSection(SolutionConfigurationPlatforms) = preSolution
		Debug|Any CPU = Debug|Any CPU
		Release|Any CPU = Release|Any CPU
	EndGlobalSection
	GlobalSection(ProjectConfigurationPlatforms) = postSolution
		{60B4F47F-5ADA-4E07-978F-BD14BA903C62}.Debug|Any CPU.ActiveCfg = Debug|Any CPU
		{60B4F47F-5ADA-4E07-978F-BD14BA903C62}.Debug|Any CPU.Build.0 = Debug|Any CPU
		{60B4F47F-5ADA-4E07-978F-BD14BA903C62}.Release|Any CPU.ActiveCfg = Release|Any CPU
		{60B4F47F-5ADA-4E07-978F-BD14BA903C62}.Release|Any CPU.Build.0 = Release|Any CPU
	EndGlobalSection
	GlobalSection(SolutionProperties) = preSolution
		HideSolutionNode = FALSE
	EndGlobalSection
	GlobalSection(ExtensibilityGlobals) = postSolution
		SolutionGuid = {32780138-D42A-4E46-BD7F-5246B4C5C220}
	EndGlobalSection
EndGlobal
